
Microsoft Visual Studio Solution File, Format Version 12.00
# Visual Studio Version 17
VisualStudioVersion = 17.11.35312.102
MinimumVisualStudioVersion = 10.0.40219.1
Project("{9A19103F-16F7-4668-BE54-9A1E7A4F7556}") = "AuctionHouse.AuthenticationService.API", "src\AuthenticationService\AuctionHouse.AuthenticationService.API\AuctionHouse.AuthenticationService.API.csproj", "{29046A98-88B2-43DB-B40F-9CBF3E885F90}"
EndProject
Project("{2150E333-8FDC-42A3-9474-1A3956D46DE8}") = "AuthenticationService", "AuthenticationService", "{95ABEBDE-9B73-4497-9DFC-819C0B6B1202}"
EndProject
Project("{9A19103F-16F7-4668-BE54-9A1E7A4F7556}") = "AuctionHouse.AuthenticationService.Infrastructure", "src\AuthenticationService\AuctionHouse.AuthenticationService.Infrastructure\AuctionHouse.AuthenticationService.Infrastructure.csproj", "{3AA9D99D-EA5B-40E5-A800-8F6A90DFF021}"
EndProject
Project("{9A19103F-16F7-4668-BE54-9A1E7A4F7556}") = "AuctionHouse.AuthenticationService.Domain", "src\AuthenticationService\AuctionHouse.AuthenticationService.Domain\AuctionHouse.AuthenticationService.Domain.csproj", "{AB35D9D1-121B-41EB-B1B8-10B822CF0F95}"
EndProject
Project("{2150E333-8FDC-42A3-9474-1A3956D46DE8}") = "CatalogService", "CatalogService", "{C850ACE7-AF2C-4E88-8E43-38C335B00C86}"
EndProject
Project("{9A19103F-16F7-4668-BE54-9A1E7A4F7556}") = "AuctionHouse.CatalogService.API", "src\CatalogService\AuctionHouse.CatalogService.API\AuctionHouse.CatalogService.API.csproj", "{443AD180-7A29-4B72-8367-96ADAC21B654}"
EndProject
Project("{9A19103F-16F7-4668-BE54-9A1E7A4F7556}") = "AuctionHouse.CatalogService.Infrastructure", "src\CatalogService\AuctionHouse.CatalogService.Infrastructure\AuctionHouse.CatalogService.Infrastructure.csproj", "{C833FB59-5A6B-43F8-A788-68644D223733}"
EndProject
Project("{9A19103F-16F7-4668-BE54-9A1E7A4F7556}") = "AuctionHouse.CatalogService.Domain", "src\CatalogService\AuctionHouse.CatalogService.Domain\AuctionHouse.CatalogService.Domain.csproj", "{9C3B81AA-A7BB-4B4B-962B-A511EFF8BAC0}"
EndProject
Project("{2150E333-8FDC-42A3-9474-1A3956D46DE8}") = "AuctionManagementService", "AuctionManagementService", "{DB5E703C-B8A8-4361-92C4-B2912EF53A5E}"
EndProject
Project("{9A19103F-16F7-4668-BE54-9A1E7A4F7556}") = "AuctionHouse.AuctionManagementService.API", "src\AuctionManagementService\AuctionHouse.AuctionManagementService.API\AuctionHouse.AuctionManagementService.API.csproj", "{5E2AB474-4ADB-4814-9DD5-E238CE169CD9}"
EndProject
Project("{9A19103F-16F7-4668-BE54-9A1E7A4F7556}") = "AuctionHouse.AuctionManagementService.Domain", "src\AuctionManagementService\AuctionHouse.AuctionManagementService.Domain\AuctionHouse.AuctionManagementService.Domain.csproj", "{28FBE062-C704-44BB-913D-7DB9B3EBDD93}"
EndProject
Project("{9A19103F-16F7-4668-BE54-9A1E7A4F7556}") = "AuctionHouse.AuctionManagementService.Infrastructure", "src\AuctionManagementService\AuctionHouse.AuctionManagementService.Infrastructure\AuctionHouse.AuctionManagementService.Infrastructure.csproj", "{E49D9347-46A9-4780-A872-3ACC05CB1759}"
EndProject
Project("{9A19103F-16F7-4668-BE54-9A1E7A4F7556}") = "AuctionHouse.AuctionManagementService.Rabbit", "src\AuctionManagementService\AuctionHouse.AuctionManagementService.Rabbit\AuctionHouse.AuctionManagementService.Rabbit.csproj", "{C26CEC25-97EA-4C59-B231-1108A9D9AA9C}"
EndProject
Project("{2150E333-8FDC-42A3-9474-1A3956D46DE8}") = "AuctionTimerJob", "AuctionTimerJob", "{A63E5CB2-E7A5-4A81-970A-48125EB79CBB}"
EndProject
Project("{9A19103F-16F7-4668-BE54-9A1E7A4F7556}") = "AuctionHouse.AuctionTimerJob.Job", "src\AuctionTimerJob\AuctionHouse.AuctionTimerJob.Job\AuctionHouse.AuctionTimerJob.Job.csproj", "{F06E28A5-B70C-423A-8F1E-1919FB8657A7}"
EndProject
Project("{2150E333-8FDC-42A3-9474-1A3956D46DE8}") = "BidService", "BidService", "{965EFD94-4D1B-4522-B16E-2769764E6A9A}"
EndProject
Project("{9A19103F-16F7-4668-BE54-9A1E7A4F7556}") = "AuctionHouse.BidService.Service", "src\BidService\AuctionHouse.BidService.Service\AuctionHouse.BidService.Service.csproj", "{537BC13B-324D-45DF-8F1E-53FF28F35824}"
EndProject
Project("{9A19103F-16F7-4668-BE54-9A1E7A4F7556}") = "AuctionHouse.BidService.Domain", "src\BidService\AuctionHouse.BidService.Domain\AuctionHouse.BidService.Domain.csproj", "{36982D10-F1B2-4173-B772-70DAF94BC142}"
EndProject
Global
	GlobalSection(SolutionConfigurationPlatforms) = preSolution
		Debug|Any CPU = Debug|Any CPU
		Release|Any CPU = Release|Any CPU
	EndGlobalSection
	GlobalSection(ProjectConfigurationPlatforms) = postSolution
		{29046A98-88B2-43DB-B40F-9CBF3E885F90}.Debug|Any CPU.ActiveCfg = Debug|Any CPU
		{29046A98-88B2-43DB-B40F-9CBF3E885F90}.Debug|Any CPU.Build.0 = Debug|Any CPU
		{29046A98-88B2-43DB-B40F-9CBF3E885F90}.Release|Any CPU.ActiveCfg = Release|Any CPU
		{29046A98-88B2-43DB-B40F-9CBF3E885F90}.Release|Any CPU.Build.0 = Release|Any CPU
		{3AA9D99D-EA5B-40E5-A800-8F6A90DFF021}.Debug|Any CPU.ActiveCfg = Debug|Any CPU
		{3AA9D99D-EA5B-40E5-A800-8F6A90DFF021}.Debug|Any CPU.Build.0 = Debug|Any CPU
		{3AA9D99D-EA5B-40E5-A800-8F6A90DFF021}.Release|Any CPU.ActiveCfg = Release|Any CPU
		{3AA9D99D-EA5B-40E5-A800-8F6A90DFF021}.Release|Any CPU.Build.0 = Release|Any CPU
		{AB35D9D1-121B-41EB-B1B8-10B822CF0F95}.Debug|Any CPU.ActiveCfg = Debug|Any CPU
		{AB35D9D1-121B-41EB-B1B8-10B822CF0F95}.Debug|Any CPU.Build.0 = Debug|Any CPU
		{AB35D9D1-121B-41EB-B1B8-10B822CF0F95}.Release|Any CPU.ActiveCfg = Release|Any CPU
		{AB35D9D1-121B-41EB-B1B8-10B822CF0F95}.Release|Any CPU.Build.0 = Release|Any CPU
		{443AD180-7A29-4B72-8367-96ADAC21B654}.Debug|Any CPU.ActiveCfg = Debug|Any CPU
		{443AD180-7A29-4B72-8367-96ADAC21B654}.Debug|Any CPU.Build.0 = Debug|Any CPU
		{443AD180-7A29-4B72-8367-96ADAC21B654}.Release|Any CPU.ActiveCfg = Release|Any CPU
		{443AD180-7A29-4B72-8367-96ADAC21B654}.Release|Any CPU.Build.0 = Release|Any CPU
		{C833FB59-5A6B-43F8-A788-68644D223733}.Debug|Any CPU.ActiveCfg = Debug|Any CPU
		{C833FB59-5A6B-43F8-A788-68644D223733}.Debug|Any CPU.Build.0 = Debug|Any CPU
		{C833FB59-5A6B-43F8-A788-68644D223733}.Release|Any CPU.ActiveCfg = Release|Any CPU
		{C833FB59-5A6B-43F8-A788-68644D223733}.Release|Any CPU.Build.0 = Release|Any CPU
		{9C3B81AA-A7BB-4B4B-962B-A511EFF8BAC0}.Debug|Any CPU.ActiveCfg = Debug|Any CPU
		{9C3B81AA-A7BB-4B4B-962B-A511EFF8BAC0}.Debug|Any CPU.Build.0 = Debug|Any CPU
		{9C3B81AA-A7BB-4B4B-962B-A511EFF8BAC0}.Release|Any CPU.ActiveCfg = Release|Any CPU
		{9C3B81AA-A7BB-4B4B-962B-A511EFF8BAC0}.Release|Any CPU.Build.0 = Release|Any CPU
		{5E2AB474-4ADB-4814-9DD5-E238CE169CD9}.Debug|Any CPU.ActiveCfg = Debug|Any CPU
		{5E2AB474-4ADB-4814-9DD5-E238CE169CD9}.Debug|Any CPU.Build.0 = Debug|Any CPU
		{5E2AB474-4ADB-4814-9DD5-E238CE169CD9}.Release|Any CPU.ActiveCfg = Release|Any CPU
		{5E2AB474-4ADB-4814-9DD5-E238CE169CD9}.Release|Any CPU.Build.0 = Release|Any CPU
		{28FBE062-C704-44BB-913D-7DB9B3EBDD93}.Debug|Any CPU.ActiveCfg = Debug|Any CPU
		{28FBE062-C704-44BB-913D-7DB9B3EBDD93}.Debug|Any CPU.Build.0 = Debug|Any CPU
		{28FBE062-C704-44BB-913D-7DB9B3EBDD93}.Release|Any CPU.ActiveCfg = Release|Any CPU
		{28FBE062-C704-44BB-913D-7DB9B3EBDD93}.Release|Any CPU.Build.0 = Release|Any CPU
		{E49D9347-46A9-4780-A872-3ACC05CB1759}.Debug|Any CPU.ActiveCfg = Debug|Any CPU
		{E49D9347-46A9-4780-A872-3ACC05CB1759}.Debug|Any CPU.Build.0 = Debug|Any CPU
		{E49D9347-46A9-4780-A872-3ACC05CB1759}.Release|Any CPU.ActiveCfg = Release|Any CPU
		{E49D9347-46A9-4780-A872-3ACC05CB1759}.Release|Any CPU.Build.0 = Release|Any CPU
		{C26CEC25-97EA-4C59-B231-1108A9D9AA9C}.Debug|Any CPU.ActiveCfg = Debug|Any CPU
		{C26CEC25-97EA-4C59-B231-1108A9D9AA9C}.Debug|Any CPU.Build.0 = Debug|Any CPU
		{C26CEC25-97EA-4C59-B231-1108A9D9AA9C}.Release|Any CPU.ActiveCfg = Release|Any CPU
		{C26CEC25-97EA-4C59-B231-1108A9D9AA9C}.Release|Any CPU.Build.0 = Release|Any CPU
		{F06E28A5-B70C-423A-8F1E-1919FB8657A7}.Debug|Any CPU.ActiveCfg = Debug|Any CPU
		{F06E28A5-B70C-423A-8F1E-1919FB8657A7}.Debug|Any CPU.Build.0 = Debug|Any CPU
		{F06E28A5-B70C-423A-8F1E-1919FB8657A7}.Release|Any CPU.ActiveCfg = Release|Any CPU
		{F06E28A5-B70C-423A-8F1E-1919FB8657A7}.Release|Any CPU.Build.0 = Release|Any CPU
		{537BC13B-324D-45DF-8F1E-53FF28F35824}.Debug|Any CPU.ActiveCfg = Debug|Any CPU
		{537BC13B-324D-45DF-8F1E-53FF28F35824}.Debug|Any CPU.Build.0 = Debug|Any CPU
		{537BC13B-324D-45DF-8F1E-53FF28F35824}.Release|Any CPU.ActiveCfg = Release|Any CPU
		{537BC13B-324D-45DF-8F1E-53FF28F35824}.Release|Any CPU.Build.0 = Release|Any CPU
		{36982D10-F1B2-4173-B772-70DAF94BC142}.Debug|Any CPU.ActiveCfg = Debug|Any CPU
		{36982D10-F1B2-4173-B772-70DAF94BC142}.Debug|Any CPU.Build.0 = Debug|Any CPU
		{36982D10-F1B2-4173-B772-70DAF94BC142}.Release|Any CPU.ActiveCfg = Release|Any CPU
		{36982D10-F1B2-4173-B772-70DAF94BC142}.Release|Any CPU.Build.0 = Release|Any CPU
	EndGlobalSection
	GlobalSection(SolutionProperties) = preSolution
		HideSolutionNode = FALSE
	EndGlobalSection
	GlobalSection(NestedProjects) = preSolution
		{29046A98-88B2-43DB-B40F-9CBF3E885F90} = {95ABEBDE-9B73-4497-9DFC-819C0B6B1202}
		{3AA9D99D-EA5B-40E5-A800-8F6A90DFF021} = {95ABEBDE-9B73-4497-9DFC-819C0B6B1202}
		{AB35D9D1-121B-41EB-B1B8-10B822CF0F95} = {95ABEBDE-9B73-4497-9DFC-819C0B6B1202}
		{443AD180-7A29-4B72-8367-96ADAC21B654} = {C850ACE7-AF2C-4E88-8E43-38C335B00C86}
		{C833FB59-5A6B-43F8-A788-68644D223733} = {C850ACE7-AF2C-4E88-8E43-38C335B00C86}
		{9C3B81AA-A7BB-4B4B-962B-A511EFF8BAC0} = {C850ACE7-AF2C-4E88-8E43-38C335B00C86}
		{5E2AB474-4ADB-4814-9DD5-E238CE169CD9} = {DB5E703C-B8A8-4361-92C4-B2912EF53A5E}
		{28FBE062-C704-44BB-913D-7DB9B3EBDD93} = {DB5E703C-B8A8-4361-92C4-B2912EF53A5E}
		{E49D9347-46A9-4780-A872-3ACC05CB1759} = {DB5E703C-B8A8-4361-92C4-B2912EF53A5E}
		{C26CEC25-97EA-4C59-B231-1108A9D9AA9C} = {DB5E703C-B8A8-4361-92C4-B2912EF53A5E}
		{F06E28A5-B70C-423A-8F1E-1919FB8657A7} = {A63E5CB2-E7A5-4A81-970A-48125EB79CBB}
		{537BC13B-324D-45DF-8F1E-53FF28F35824} = {965EFD94-4D1B-4522-B16E-2769764E6A9A}
		{36982D10-F1B2-4173-B772-70DAF94BC142} = {965EFD94-4D1B-4522-B16E-2769764E6A9A}
	EndGlobalSection
	GlobalSection(ExtensibilityGlobals) = postSolution
		SolutionGuid = {60B2B5BC-B48C-4D22-9ECD-0CEAC57ADD4C}
	EndGlobalSection
EndGlobal
